// !$*UTF8*$!
{
	archiveVersion = 1;
	classes = {
	};
	objectVersion = 46;
	objects = {

/* Begin PBXBuildFile section */
		BA8EA81619C3D2C300CD9813 /* Foundation.framework in Frameworks */ = {isa = PBXBuildFile; fileRef = BA8EA81519C3D2C300CD9813 /* Foundation.framework */; };
		BA8EA81819C3D2C300CD9813 /* CoreGraphics.framework in Frameworks */ = {isa = PBXBuildFile; fileRef = BA8EA81719C3D2C300CD9813 /* CoreGraphics.framework */; };
		BA8EA81A19C3D2C300CD9813 /* UIKit.framework in Frameworks */ = {isa = PBXBuildFile; fileRef = BA8EA81919C3D2C300CD9813 /* UIKit.framework */; };
		BA8EA82019C3D2C300CD9813 /* InfoPlist.strings in Resources */ = {isa = PBXBuildFile; fileRef = BA8EA81E19C3D2C300CD9813 /* InfoPlist.strings */; };
		BA8EA82219C3D2C300CD9813 /* main.m in Sources */ = {isa = PBXBuildFile; fileRef = BA8EA82119C3D2C300CD9813 /* main.m */; };
		BA8EA82619C3D2C300CD9813 /* AppDelegate.m in Sources */ = {isa = PBXBuildFile; fileRef = BA8EA82519C3D2C300CD9813 /* AppDelegate.m */; };
		BA8EA82819C3D2C300CD9813 /* Images.xcassets in Resources */ = {isa = PBXBuildFile; fileRef = BA8EA82719C3D2C300CD9813 /* Images.xcassets */; };
		BA8EA82F19C3D2C300CD9813 /* XCTest.framework in Frameworks */ = {isa = PBXBuildFile; fileRef = BA8EA82E19C3D2C300CD9813 /* XCTest.framework */; };
		BA8EA83019C3D2C300CD9813 /* Foundation.framework in Frameworks */ = {isa = PBXBuildFile; fileRef = BA8EA81519C3D2C300CD9813 /* Foundation.framework */; };
		BA8EA83119C3D2C300CD9813 /* UIKit.framework in Frameworks */ = {isa = PBXBuildFile; fileRef = BA8EA81919C3D2C300CD9813 /* UIKit.framework */; };
		BA8EA83919C3D2C300CD9813 /* InfoPlist.strings in Resources */ = {isa = PBXBuildFile; fileRef = BA8EA83719C3D2C300CD9813 /* InfoPlist.strings */; };
		BA8EA83B19C3D2C300CD9813 /* ToDoListTests.m in Sources */ = {isa = PBXBuildFile; fileRef = BA8EA83A19C3D2C300CD9813 /* ToDoListTests.m */; };
/* End PBXBuildFile section */

/* Begin PBXContainerItemProxy section */
		BA8EA83219C3D2C300CD9813 /* PBXContainerItemProxy */ = {
			isa = PBXContainerItemProxy;
			containerPortal = BA8EA80A19C3D2C300CD9813 /* Project object */;
			proxyType = 1;
			remoteGlobalIDString = BA8EA81119C3D2C300CD9813;
			remoteInfo = ToDoList;
		};
/* End PBXContainerItemProxy section */

/* Begin PBXFileReference section */
		BA8EA81219C3D2C300CD9813 /* ToDoList.app */ = {isa = PBXFileReference; explicitFileType = wrapper.application; includeInIndex = 0; path = ToDoList.app; sourceTree = BUILT_PRODUCTS_DIR; };
		BA8EA81519C3D2C300CD9813 /* Foundation.framework */ = {isa = PBXFileReference; lastKnownFileType = wrapper.framework; name = Foundation.framework; path = System/Library/Frameworks/Foundation.framework; sourceTree = SDKROOT; };
		BA8EA81719C3D2C300CD9813 /* CoreGraphics.framework */ = {isa = PBXFileReference; lastKnownFileType = wrapper.framework; name = CoreGraphics.framework; path = System/Library/Frameworks/CoreGraphics.framework; sourceTree = SDKROOT; };
		BA8EA81919C3D2C300CD9813 /* UIKit.framework */ = {isa = PBXFileReference; lastKnownFileType = wrapper.framework; name = UIKit.framework; path = System/Library/Frameworks/UIKit.framework; sourceTree = SDKROOT; };
		BA8EA81D19C3D2C300CD9813 /* ToDoList-Info.plist */ = {isa = PBXFileReference; lastKnownFileType = text.plist.xml; path = "ToDoList-Info.plist"; sourceTree = "<group>"; };
		BA8EA81F19C3D2C300CD9813 /* en */ = {isa = PBXFileReference; lastKnownFileType = text.plist.strings; name = en; path = en.lproj/InfoPlist.strings; sourceTree = "<group>"; };
		BA8EA82119C3D2C300CD9813 /* main.m */ = {isa = PBXFileReference; lastKnownFileType = sourcecode.c.objc; path = main.m; sourceTree = "<group>"; };
		BA8EA82319C3D2C300CD9813 /* ToDoList-Prefix.pch */ = {isa = PBXFileReference; lastKnownFileType = sourcecode.c.h; path = "ToDoList-Prefix.pch"; sourceTree = "<group>"; };
		BA8EA82419C3D2C300CD9813 /* AppDelegate.h */ = {isa = PBXFileReference; lastKnownFileType = sourcecode.c.h; path = AppDelegate.h; sourceTree = "<group>"; };
		BA8EA82519C3D2C300CD9813 /* AppDelegate.m */ = {isa = PBXFileReference; lastKnownFileType = sourcecode.c.objc; path = AppDelegate.m; sourceTree = "<group>"; };
		BA8EA82719C3D2C300CD9813 /* Images.xcassets */ = {isa = PBXFileReference; lastKnownFileType = folder.assetcatalog; path = Images.xcassets; sourceTree = "<group>"; };
		BA8EA82D19C3D2C300CD9813 /* ToDoListTests.xctest */ = {isa = PBXFileReference; explicitFileType = wrapper.cfbundle; includeInIndex = 0; path = ToDoListTests.xctest; sourceTree = BUILT_PRODUCTS_DIR; };
		BA8EA82E19C3D2C300CD9813 /* XCTest.framework */ = {isa = PBXFileReference; lastKnownFileType = wrapper.framework; name = XCTest.framework; path = Library/Frameworks/XCTest.framework; sourceTree = DEVELOPER_DIR; };
		BA8EA83619C3D2C300CD9813 /* ToDoListTests-Info.plist */ = {isa = PBXFileReference; lastKnownFileType = text.plist.xml; path = "ToDoListTests-Info.plist"; sourceTree = "<group>"; };
		BA8EA83819C3D2C300CD9813 /* en */ = {isa = PBXFileReference; lastKnownFileType = text.plist.strings; name = en; path = en.lproj/InfoPlist.strings; sourceTree = "<group>"; };
		BA8EA83A19C3D2C300CD9813 /* ToDoListTests.m */ = {isa = PBXFileReference; lastKnownFileType = sourcecode.c.objc; path = ToDoListTests.m; sourceTree = "<group>"; };
/* End PBXFileReference section */

/* Begin PBXFrameworksBuildPhase section */
		BA8EA80F19C3D2C300CD9813 /* Frameworks */ = {
			isa = PBXFrameworksBuildPhase;
			buildActionMask = 2147483647;
			files = (
				BA8EA81819C3D2C300CD9813 /* CoreGraphics.framework in Frameworks */,
				BA8EA81A19C3D2C300CD9813 /* UIKit.framework in Frameworks */,
				BA8EA81619C3D2C300CD9813 /* Foundation.framework in Frameworks */,
			);
			runOnlyForDeploymentPostprocessing = 0;
		};
		BA8EA82A19C3D2C300CD9813 /* Frameworks */ = {
			isa = PBXFrameworksBuildPhase;
			buildActionMask = 2147483647;
			files = (
				BA8EA82F19C3D2C300CD9813 /* XCTest.framework in Frameworks */,
				BA8EA83119C3D2C300CD9813 /* UIKit.framework in Frameworks */,
				BA8EA83019C3D2C300CD9813 /* Foundation.framework in Frameworks */,
			);
			runOnlyForDeploymentPostprocessing = 0;
		};
/* End PBXFrameworksBuildPhase section */

/* Begin PBXGroup section */
		BA8EA80919C3D2C300CD9813 = {
			isa = PBXGroup;
			children = (
				BA8EA81B19C3D2C300CD9813 /* ToDoList */,
				BA8EA83419C3D2C300CD9813 /* ToDoListTests */,
				BA8EA81419C3D2C300CD9813 /* Frameworks */,
				BA8EA81319C3D2C300CD9813 /* Products */,
			);
			sourceTree = "<group>";
		};
		BA8EA81319C3D2C300CD9813 /* Products */ = {
			isa = PBXGroup;
			children = (
				BA8EA81219C3D2C300CD9813 /* ToDoList.app */,
				BA8EA82D19C3D2C300CD9813 /* ToDoListTests.xctest */,
			);
			name = Products;
			sourceTree = "<group>";
		};
		BA8EA81419C3D2C300CD9813 /* Frameworks */ = {
			isa = PBXGroup;
			children = (
				BA8EA81519C3D2C300CD9813 /* Foundation.framework */,
				BA8EA81719C3D2C300CD9813 /* CoreGraphics.framework */,
				BA8EA81919C3D2C300CD9813 /* UIKit.framework */,
				BA8EA82E19C3D2C300CD9813 /* XCTest.framework */,
			);
			name = Frameworks;
			sourceTree = "<group>";
		};
		BA8EA81B19C3D2C300CD9813 /* ToDoList */ = {
			isa = PBXGroup;
			children = (
				BA8EA82419C3D2C300CD9813 /* AppDelegate.h */,
				BA8EA82519C3D2C300CD9813 /* AppDelegate.m */,
				BA8EA82719C3D2C300CD9813 /* Images.xcassets */,
				BA8EA81C19C3D2C300CD9813 /* Supporting Files */,
			);
			path = ToDoList;
			sourceTree = "<group>";
		};
		BA8EA81C19C3D2C300CD9813 /* Supporting Files */ = {
			isa = PBXGroup;
			children = (
				BA8EA81D19C3D2C300CD9813 /* ToDoList-Info.plist */,
				BA8EA81E19C3D2C300CD9813 /* InfoPlist.strings */,
				BA8EA82119C3D2C300CD9813 /* main.m */,
				BA8EA82319C3D2C300CD9813 /* ToDoList-Prefix.pch */,
			);
			name = "Supporting Files";
			sourceTree = "<group>";
		};
		BA8EA83419C3D2C300CD9813 /* ToDoListTests */ = {
			isa = PBXGroup;
			children = (
				BA8EA83A19C3D2C300CD9813 /* ToDoListTests.m */,
				BA8EA83519C3D2C300CD9813 /* Supporting Files */,
			);
			path = ToDoListTests;
			sourceTree = "<group>";
		};
		BA8EA83519C3D2C300CD9813 /* Supporting Files */ = {
			isa = PBXGroup;
			children = (
				BA8EA83619C3D2C300CD9813 /* ToDoListTests-Info.plist */,
				BA8EA83719C3D2C300CD9813 /* InfoPlist.strings */,
			);
			name = "Supporting Files";
			sourceTree = "<group>";
		};
/* End PBXGroup section */

/* Begin PBXNativeTarget section */
		BA8EA81119C3D2C300CD9813 /* ToDoList */ = {
			isa = PBXNativeTarget;
			buildConfigurationList = BA8EA83E19C3D2C300CD9813 /* Build configuration list for PBXNativeTarget "ToDoList" */;
			buildPhases = (
				BA8EA80E19C3D2C300CD9813 /* Sources */,
				BA8EA80F19C3D2C300CD9813 /* Frameworks */,
				BA8EA81019C3D2C300CD9813 /* Resources */,
			);
			buildRules = (
			);
			dependencies = (
			);
			name = ToDoList;
			productName = ToDoList;
			productReference = BA8EA81219C3D2C300CD9813 /* ToDoList.app */;
			productType = "com.apple.product-type.application";
		};
		BA8EA82C19C3D2C300CD9813 /* ToDoListTests */ = {
			isa = PBXNativeTarget;
			buildConfigurationList = BA8EA84119C3D2C300CD9813 /* Build configuration list for PBXNativeTarget "ToDoListTests" */;
			buildPhases = (
				BA8EA82919C3D2C300CD9813 /* Sources */,
				BA8EA82A19C3D2C300CD9813 /* Frameworks */,
				BA8EA82B19C3D2C300CD9813 /* Resources */,
			);
			buildRules = (
			);
			dependencies = (
				BA8EA83319C3D2C300CD9813 /* PBXTargetDependency */,
			);
			name = ToDoListTests;
			productName = ToDoListTests;
			productReference = BA8EA82D19C3D2C300CD9813 /* ToDoListTests.xctest */;
			productType = "com.apple.product-type.bundle.unit-test";
		};
/* End PBXNativeTarget section */

/* Begin PBXProject section */
		BA8EA80A19C3D2C300CD9813 /* Project object */ = {
			isa = PBXProject;
			attributes = {
				LastUpgradeCheck = 0510;
				ORGANIZATIONNAME = "Terence Wilbert";
				TargetAttributes = {
					BA8EA82C19C3D2C300CD9813 = {
						TestTargetID = BA8EA81119C3D2C300CD9813;
					};
				};
			};
			buildConfigurationList = BA8EA80D19C3D2C300CD9813 /* Build configuration list for PBXProject "ToDoList" */;
			compatibilityVersion = "Xcode 3.2";
			developmentRegion = English;
			hasScannedForEncodings = 0;
			knownRegions = (
				en,
			);
			mainGroup = BA8EA80919C3D2C300CD9813;
			productRefGroup = BA8EA81319C3D2C300CD9813 /* Products */;
			projectDirPath = "";
			projectRoot = "";
			targets = (
				BA8EA81119C3D2C300CD9813 /* ToDoList */,
				BA8EA82C19C3D2C300CD9813 /* ToDoListTests */,
			);
		};
/* End PBXProject section */

/* Begin PBXResourcesBuildPhase section */
		BA8EA81019C3D2C300CD9813 /* Resources */ = {
			isa = PBXResourcesBuildPhase;
			buildActionMask = 2147483647;
			files = (
				BA8EA82019C3D2C300CD9813 /* InfoPlist.strings in Resources */,
				BA8EA82819C3D2C300CD9813 /* Images.xcassets in Resources */,
			);
			runOnlyForDeploymentPostprocessing = 0;
		};
		BA8EA82B19C3D2C300CD9813 /* Resources */ = {
			isa = PBXResourcesBuildPhase;
			buildActionMask = 2147483647;
			files = (
				BA8EA83919C3D2C300CD9813 /* InfoPlist.strings in Resources */,
			);
			runOnlyForDeploymentPostprocessing = 0;
		};
/* End PBXResourcesBuildPhase section */

/* Begin PBXSourcesBuildPhase section */
		BA8EA80E19C3D2C300CD9813 /* Sources */ = {
			isa = PBXSourcesBuildPhase;
			buildActionMask = 2147483647;
			files = (
				BA8EA82619C3D2C300CD9813 /* AppDelegate.m in Sources */,
				BA8EA82219C3D2C300CD9813 /* main.m in Sources */,
			);
			runOnlyForDeploymentPostprocessing = 0;
		};
		BA8EA82919C3D2C300CD9813 /* Sources */ = {
			isa = PBXSourcesBuildPhase;
			buildActionMask = 2147483647;
			files = (
				BA8EA83B19C3D2C300CD9813 /* ToDoListTests.m in Sources */,
			);
			runOnlyForDeploymentPostprocessing = 0;
		};
/* End PBXSourcesBuildPhase section */

/* Begin PBXTargetDependency section */
		BA8EA83319C3D2C300CD9813 /* PBXTargetDependency */ = {
			isa = PBXTargetDependency;
			target = BA8EA81119C3D2C300CD9813 /* ToDoList */;
			targetProxy = BA8EA83219C3D2C300CD9813 /* PBXContainerItemProxy */;
		};
/* End PBXTargetDependency section */

/* Begin PBXVariantGroup section */
		BA8EA81E19C3D2C300CD9813 /* InfoPlist.strings */ = {
			isa = PBXVariantGroup;
			children = (
				BA8EA81F19C3D2C300CD9813 /* en */,
			);
			name = InfoPlist.strings;
			sourceTree = "<group>";
		};
		BA8EA83719C3D2C300CD9813 /* InfoPlist.strings */ = {
			isa = PBXVariantGroup;
			children = (
				BA8EA83819C3D2C300CD9813 /* en */,
			);
			name = InfoPlist.strings;
			sourceTree = "<group>";
		};
/* End PBXVariantGroup section */

/* Begin XCBuildConfiguration section */
		BA8EA83C19C3D2C300CD9813 /* Debug */ = {
			isa = XCBuildConfiguration;
			buildSettings = {
				ALWAYS_SEARCH_USER_PATHS = NO;
				CLANG_CXX_LANGUAGE_STANDARD = "gnu++0x";
				CLANG_CXX_LIBRARY = "libc++";
				CLANG_ENABLE_MODULES = YES;
				CLANG_ENABLE_OBJC_ARC = YES;
				CLANG_WARN_BOOL_CONVERSION = YES;
				CLANG_WARN_CONSTANT_CONVERSION = YES;
				CLANG_WARN_DIRECT_OBJC_ISA_USAGE = YES_ERROR;
				CLANG_WARN_EMPTY_BODY = YES;
				CLANG_WARN_ENUM_CONVERSION = YES;
				CLANG_WARN_INT_CONVERSION = YES;
				CLANG_WARN_OBJC_ROOT_CLASS = YES_ERROR;
				CLANG_WARN__DUPLICATE_METHOD_MATCH = YES;
				"CODE_SIGN_IDENTITY[sdk=iphoneos*]" = "iPhone Developer";
				COPY_PHASE_STRIP = NO;
				GCC_C_LANGUAGE_STANDARD = gnu99;
				GCC_DYNAMIC_NO_PIC = NO;
				GCC_OPTIMIZATION_LEVEL = 0;
				GCC_PREPROCESSOR_DEFINITIONS = (
					"DEBUG=1",
					"$(inherited)",
				);
				GCC_SYMBOLS_PRIVATE_EXTERN = NO;
				GCC_WARN_64_TO_32_BIT_CONVERSION = YES;
				GCC_WARN_ABOUT_RETURN_TYPE = YES_ERROR;
				GCC_WARN_UNDECLARED_SELECTOR = YES;
				GCC_WARN_UNINITIALIZED_AUTOS = YES_AGGRESSIVE;
				GCC_WARN_UNUSED_FUNCTION = YES;
				GCC_WARN_UNUSED_VARIABLE = YES;
				IPHONEOS_DEPLOYMENT_TARGET = 7.1;
				ONLY_ACTIVE_ARCH = YES;
				SDKROOT = iphoneos;
			};
			name = Debug;
		};
		BA8EA83D19C3D2C300CD9813 /* Release */ = {
			isa = XCBuildConfiguration;
			buildSettings = {
				ALWAYS_SEARCH_USER_PATHS = NO;
				CLANG_CXX_LANGUAGE_STANDARD = "gnu++0x";
				CLANG_CXX_LIBRARY = "libc++";
				CLANG_ENABLE_MODULES = YES;
				CLANG_ENABLE_OBJC_ARC = YES;
				CLANG_WARN_BOOL_CONVERSION = YES;
				CLANG_WARN_CONSTANT_CONVERSION = YES;
				CLANG_WARN_DIRECT_OBJC_ISA_USAGE = YES_ERROR;
				CLANG_WARN_EMPTY_BODY = YES;
				CLANG_WARN_ENUM_CONVERSION = YES;
				CLANG_WARN_INT_CONVERSION = YES;
				CLANG_WARN_OBJC_ROOT_CLASS = YES_ERROR;
				CLANG_WARN__DUPLICATE_METHOD_MATCH = YES;
				"CODE_SIGN_IDENTITY[sdk=iphoneos*]" = "iPhone Developer";
				COPY_PHASE_STRIP = YES;
				ENABLE_NS_ASSERTIONS = NO;
				GCC_C_LANGUAGE_STANDARD = gnu99;
				GCC_WARN_64_TO_32_BIT_CONVERSION = YES;
				GCC_WARN_ABOUT_RETURN_TYPE = YES_ERROR;
				GCC_WARN_UNDECLARED_SELECTOR = YES;
				GCC_WARN_UNINITIALIZED_AUTOS = YES_AGGRESSIVE;
				GCC_WARN_UNUSED_FUNCTION = YES;
				GCC_WARN_UNUSED_VARIABLE = YES;
				IPHONEOS_DEPLOYMENT_TARGET = 7.1;
				SDKROOT = iphoneos;
				VALIDATE_PRODUCT = YES;
			};
			name = Release;
		};
		BA8EA83F19C3D2C300CD9813 /* Debug */ = {
			isa = XCBuildConfiguration;
			buildSettings = {
				ASSETCATALOG_COMPILER_APPICON_NAME = AppIcon;
				ASSETCATALOG_COMPILER_LAUNCHIMAGE_NAME = LaunchImage;
				GCC_PRECOMPILE_PREFIX_HEADER = YES;
				GCC_PREFIX_HEADER = "ToDoList/ToDoList-Prefix.pch";
				INFOPLIST_FILE = "ToDoList/ToDoList-Info.plist";
				PRODUCT_NAME = "$(TARGET_NAME)";
				WRAPPER_EXTENSION = app;
			};
			name = Debug;
		};
		BA8EA84019C3D2C300CD9813 /* Release */ = {
			isa = XCBuildConfiguration;
			buildSettings = {
				ASSETCATALOG_COMPILER_APPICON_NAME = AppIcon;
				ASSETCATALOG_COMPILER_LAUNCHIMAGE_NAME = LaunchImage;
				GCC_PRECOMPILE_PREFIX_HEADER = YES;
				GCC_PREFIX_HEADER = "ToDoList/ToDoList-Prefix.pch";
				INFOPLIST_FILE = "ToDoList/ToDoList-Info.plist";
				PRODUCT_NAME = "$(TARGET_NAME)";
				WRAPPER_EXTENSION = app;
			};
			name = Release;
		};
		BA8EA84219C3D2C300CD9813 /* Debug */ = {
			isa = XCBuildConfiguration;
			buildSettings = {
				BUNDLE_LOADER = "$(BUILT_PRODUCTS_DIR)/ToDoList.app/ToDoList";
				FRAMEWORK_SEARCH_PATHS = (
					"$(SDKROOT)/Developer/Library/Frameworks",
					"$(inherited)",
					"$(DEVELOPER_FRAMEWORKS_DIR)",
				);
				GCC_PRECOMPILE_PREFIX_HEADER = YES;
				GCC_PREFIX_HEADER = "ToDoList/ToDoList-Prefix.pch";
				GCC_PREPROCESSOR_DEFINITIONS = (
					"DEBUG=1",
					"$(inherited)",
				);
				INFOPLIST_FILE = "ToDoListTests/ToDoListTests-Info.plist";
				PRODUCT_NAME = "$(TARGET_NAME)";
				TEST_HOST = "$(BUNDLE_LOADER)";
				WRAPPER_EXTENSION = xctest;
			};
			name = Debug;
		};
		BA8EA84319C3D2C300CD9813 /* Release */ = {
			isa = XCBuildConfiguration;
			buildSettings = {
				BUNDLE_LOADER = "$(BUILT_PRODUCTS_DIR)/ToDoList.app/ToDoList";
				FRAMEWORK_SEARCH_PATHS = (
					"$(SDKROOT)/Developer/Library/Frameworks",
					"$(inherited)",
					"$(DEVELOPER_FRAMEWORKS_DIR)",
				);
				GCC_PRECOMPILE_PREFIX_HEADER = YES;
				GCC_PREFIX_HEADER = "ToDoList/ToDoList-Prefix.pch";
				INFOPLIST_FILE = "ToDoListTests/ToDoListTests-Info.plist";
				PRODUCT_NAME = "$(TARGET_NAME)";
				TEST_HOST = "$(BUNDLE_LOADER)";
				WRAPPER_EXTENSION = xctest;
			};
			name = Release;
		};
/* End XCBuildConfiguration section */

/* Begin XCConfigurationList section */
		BA8EA80D19C3D2C300CD9813 /* Build configuration list for PBXProject "ToDoList" */ = {
			isa = XCConfigurationList;
			buildConfigurations = (
				BA8EA83C19C3D2C300CD9813 /* Debug */,
				BA8EA83D19C3D2C300CD9813 /* Release */,
			);
			defaultConfigurationIsVisible = 0;
			defaultConfigurationName = Release;
		};
		BA8EA83E19C3D2C300CD9813 /* Build configuration list for PBXNativeTarget "ToDoList" */ = {
			isa = XCConfigurationList;
			buildConfigurations = (
				BA8EA83F19C3D2C300CD9813 /* Debug */,
				BA8EA84019C3D2C300CD9813 /* Release */,
			);
			defaultConfigurationIsVisible = 0;
		};
		BA8EA84119C3D2C300CD9813 /* Build configuration list for PBXNativeTarget "ToDoListTests" */ = {
			isa = XCConfigurationList;
			buildConfigurations = (
				BA8EA84219C3D2C300CD9813 /* Debug */,
				BA8EA84319C3D2C300CD9813 /* Release */,
			);
			defaultConfigurationIsVisible = 0;
		};
/* End XCConfigurationList section */
	};
	rootObject = BA8EA80A19C3D2C300CD9813 /* Project object */;
}
